
Microsoft Visual Studio Solution File, Format Version 12.00
# Visual Studio Version 17
VisualStudioVersion = 17.8.34511.84
MinimumVisualStudioVersion = 10.0.40219.1
Project("{FAE04EC0-301F-11D3-BF4B-00C04F79EFBC}") = "MathLibrary", "MathLibrary\MathLibrary.csproj", "{1EC312D1-44EF-420D-9F7E-E6CD49BAB343}"
EndProject
Project("{FAE04EC0-301F-11D3-BF4B-00C04F79EFBC}") = "Sandbox", "Sandbox\Sandbox.csproj", "{19F8BA20-859C-46D3-AAE0-7B24235517AA}"
EndProject
Global
	GlobalSection(SolutionConfigurationPlatforms) = preSolution
		Debug|Any CPU = Debug|Any CPU
		Release|Any CPU = Release|Any CPU
	EndGlobalSection
	GlobalSection(ProjectConfigurationPlatforms) = postSolution
		{1EC312D1-44EF-420D-9F7E-E6CD49BAB343}.Debug|Any CPU.ActiveCfg = Debug|Any CPU
		{1EC312D1-44EF-420D-9F7E-E6CD49BAB343}.Debug|Any CPU.Build.0 = Debug|Any CPU
		{1EC312D1-44EF-420D-9F7E-E6CD49BAB343}.Release|Any CPU.ActiveCfg = Release|Any CPU
		{1EC312D1-44EF-420D-9F7E-E6CD49BAB343}.Release|Any CPU.Build.0 = Release|Any CPU
		{19F8BA20-859C-46D3-AAE0-7B24235517AA}.Debug|Any CPU.ActiveCfg = Debug|Any CPU
		{19F8BA20-859C-46D3-AAE0-7B24235517AA}.Debug|Any CPU.Build.0 = Debug|Any CPU
		{19F8BA20-859C-46D3-AAE0-7B24235517AA}.Release|Any CPU.ActiveCfg = Release|Any CPU
		{19F8BA20-859C-46D3-AAE0-7B24235517AA}.Release|Any CPU.Build.0 = Release|Any CPU
	EndGlobalSection
	GlobalSection(SolutionProperties) = preSolution
		HideSolutionNode = FALSE
	EndGlobalSection
	GlobalSection(ExtensibilityGlobals) = postSolution
		SolutionGuid = {9858AF80-DBE5-4584-BD0A-F2CA89BA150F}
	EndGlobalSection
EndGlobal
